
Microsoft Visual Studio Solution File, Format Version 12.00
# Visual Studio Version 16
VisualStudioVersion = 16.0.30804.86
MinimumVisualStudioVersion = 10.0.40219.1
Project("{39E2626F-3545-4960-A6E8-258AD8476CE5}") = "SwiftUI Tutorials", "SwiftUI Tutorials\SwiftUI Tutorials.androidproj", "{28F02B43-D5F6-4218-AEE2-24949789B936}"
EndProject
Project("{39E2626F-3545-4960-A6E8-258AD8476CE5}") = "UI Tests", "UI Tests\UI Tests.androidproj", "{D7724B48-B75F-4CD4-9002-19F306AE8D4C}"
EndProject
Project("{39E2626F-3545-4960-A6E8-258AD8476CE5}") = "DroidUIJson", "DroidUIJson\DroidUIJson\DroidUIJson.androidproj", "{89DD2FB3-E332-436F-BD0C-32758B2AE132}"
EndProject
Global
	GlobalSection(SolutionConfigurationPlatforms) = preSolution
		Debug|ARM = Debug|ARM
		Debug|ARM64 = Debug|ARM64
		Debug|x64 = Debug|x64
		Debug|x86 = Debug|x86
		Release|ARM = Release|ARM
		Release|ARM64 = Release|ARM64
		Release|x64 = Release|x64
		Release|x86 = Release|x86
	EndGlobalSection
	GlobalSection(ProjectConfigurationPlatforms) = postSolution
		{28F02B43-D5F6-4218-AEE2-24949789B936}.Debug|ARM.ActiveCfg = Debug|ARM
		{28F02B43-D5F6-4218-AEE2-24949789B936}.Debug|ARM.Build.0 = Debug|ARM
		{28F02B43-D5F6-4218-AEE2-24949789B936}.Debug|ARM.Deploy.0 = Debug|ARM
		{28F02B43-D5F6-4218-AEE2-24949789B936}.Debug|ARM64.ActiveCfg = Debug|ARM64
		{28F02B43-D5F6-4218-AEE2-24949789B936}.Debug|ARM64.Build.0 = Debug|ARM64
		{28F02B43-D5F6-4218-AEE2-24949789B936}.Debug|ARM64.Deploy.0 = Debug|ARM64
		{28F02B43-D5F6-4218-AEE2-24949789B936}.Debug|x64.ActiveCfg = Debug|x64
		{28F02B43-D5F6-4218-AEE2-24949789B936}.Debug|x64.Build.0 = Debug|x64
		{28F02B43-D5F6-4218-AEE2-24949789B936}.Debug|x64.Deploy.0 = Debug|x64
		{28F02B43-D5F6-4218-AEE2-24949789B936}.Debug|x86.ActiveCfg = Debug|x86
		{28F02B43-D5F6-4218-AEE2-24949789B936}.Debug|x86.Build.0 = Debug|x86
		{28F02B43-D5F6-4218-AEE2-24949789B936}.Debug|x86.Deploy.0 = Debug|x86
		{28F02B43-D5F6-4218-AEE2-24949789B936}.Release|ARM.ActiveCfg = Release|ARM
		{28F02B43-D5F6-4218-AEE2-24949789B936}.Release|ARM.Build.0 = Release|ARM
		{28F02B43-D5F6-4218-AEE2-24949789B936}.Release|ARM.Deploy.0 = Release|ARM
		{28F02B43-D5F6-4218-AEE2-24949789B936}.Release|ARM64.ActiveCfg = Release|ARM64
		{28F02B43-D5F6-4218-AEE2-24949789B936}.Release|ARM64.Build.0 = Release|ARM64
		{28F02B43-D5F6-4218-AEE2-24949789B936}.Release|ARM64.Deploy.0 = Release|ARM64
		{28F02B43-D5F6-4218-AEE2-24949789B936}.Release|x64.ActiveCfg = Release|x64
		{28F02B43-D5F6-4218-AEE2-24949789B936}.Release|x64.Build.0 = Release|x64
		{28F02B43-D5F6-4218-AEE2-24949789B936}.Release|x64.Deploy.0 = Release|x64
		{28F02B43-D5F6-4218-AEE2-24949789B936}.Release|x86.ActiveCfg = Release|x86
		{28F02B43-D5F6-4218-AEE2-24949789B936}.Release|x86.Build.0 = Release|x86
		{28F02B43-D5F6-4218-AEE2-24949789B936}.Release|x86.Deploy.0 = Release|x86
		{D7724B48-B75F-4CD4-9002-19F306AE8D4C}.Debug|ARM.ActiveCfg = Debug|ARM
		{D7724B48-B75F-4CD4-9002-19F306AE8D4C}.Debug|ARM.Build.0 = Debug|ARM
		{D7724B48-B75F-4CD4-9002-19F306AE8D4C}.Debug|ARM.Deploy.0 = Debug|ARM
		{D7724B48-B75F-4CD4-9002-19F306AE8D4C}.Debug|ARM64.ActiveCfg = Debug|ARM64
		{D7724B48-B75F-4CD4-9002-19F306AE8D4C}.Debug|ARM64.Build.0 = Debug|ARM64
		{D7724B48-B75F-4CD4-9002-19F306AE8D4C}.Debug|ARM64.Deploy.0 = Debug|ARM64
		{D7724B48-B75F-4CD4-9002-19F306AE8D4C}.Debug|x64.ActiveCfg = Debug|x64
		{D7724B48-B75F-4CD4-9002-19F306AE8D4C}.Debug|x64.Build.0 = Debug|x64
		{D7724B48-B75F-4CD4-9002-19F306AE8D4C}.Debug|x64.Deploy.0 = Debug|x64
		{D7724B48-B75F-4CD4-9002-19F306AE8D4C}.Debug|x86.ActiveCfg = Debug|x86
		{D7724B48-B75F-4CD4-9002-19F306AE8D4C}.Debug|x86.Build.0 = Debug|x86
		{D7724B48-B75F-4CD4-9002-19F306AE8D4C}.Debug|x86.Deploy.0 = Debug|x86
		{D7724B48-B75F-4CD4-9002-19F306AE8D4C}.Release|ARM.ActiveCfg = Release|ARM
		{D7724B48-B75F-4CD4-9002-19F306AE8D4C}.Release|ARM.Build.0 = Release|ARM
		{D7724B48-B75F-4CD4-9002-19F306AE8D4C}.Release|ARM.Deploy.0 = Release|ARM
		{D7724B48-B75F-4CD4-9002-19F306AE8D4C}.Release|ARM64.ActiveCfg = Release|ARM64
		{D7724B48-B75F-4CD4-9002-19F306AE8D4C}.Release|ARM64.Build.0 = Release|ARM64
		{D7724B48-B75F-4CD4-9002-19F306AE8D4C}.Release|ARM64.Deploy.0 = Release|ARM64
		{D7724B48-B75F-4CD4-9002-19F306AE8D4C}.Release|x64.ActiveCfg = Release|x64
		{D7724B48-B75F-4CD4-9002-19F306AE8D4C}.Release|x64.Build.0 = Release|x64
		{D7724B48-B75F-4CD4-9002-19F306AE8D4C}.Release|x64.Deploy.0 = Release|x64
		{D7724B48-B75F-4CD4-9002-19F306AE8D4C}.Release|x86.ActiveCfg = Release|x86
		{D7724B48-B75F-4CD4-9002-19F306AE8D4C}.Release|x86.Build.0 = Release|x86
		{D7724B48-B75F-4CD4-9002-19F306AE8D4C}.Release|x86.Deploy.0 = Release|x86
		{89DD2FB3-E332-436F-BD0C-32758B2AE132}.Debug|ARM.ActiveCfg = Debug|ARM
		{89DD2FB3-E332-436F-BD0C-32758B2AE132}.Debug|ARM.Build.0 = Debug|ARM
		{89DD2FB3-E332-436F-BD0C-32758B2AE132}.Debug|ARM64.ActiveCfg = Debug|ARM64
		{89DD2FB3-E332-436F-BD0C-32758B2AE132}.Debug|ARM64.Build.0 = Debug|ARM64
		{89DD2FB3-E332-436F-BD0C-32758B2AE132}.Debug|x64.ActiveCfg = Debug|x64
		{89DD2FB3-E332-436F-BD0C-32758B2AE132}.Debug|x64.Build.0 = Debug|x64
		{89DD2FB3-E332-436F-BD0C-32758B2AE132}.Debug|x86.ActiveCfg = Debug|x86
		{89DD2FB3-E332-436F-BD0C-32758B2AE132}.Debug|x86.Build.0 = Debug|x86
		{89DD2FB3-E332-436F-BD0C-32758B2AE132}.Release|ARM.ActiveCfg = Release|ARM
		{89DD2FB3-E332-436F-BD0C-32758B2AE132}.Release|ARM.Build.0 = Release|ARM
		{89DD2FB3-E332-436F-BD0C-32758B2AE132}.Release|ARM64.ActiveCfg = Release|ARM64
		{89DD2FB3-E332-436F-BD0C-32758B2AE132}.Release|ARM64.Build.0 = Release|ARM64
		{89DD2FB3-E332-436F-BD0C-32758B2AE132}.Release|x64.ActiveCfg = Release|x64
		{89DD2FB3-E332-436F-BD0C-32758B2AE132}.Release|x64.Build.0 = Release|x64
		{89DD2FB3-E332-436F-BD0C-32758B2AE132}.Release|x86.ActiveCfg = Release|x86
		{89DD2FB3-E332-436F-BD0C-32758B2AE132}.Release|x86.Build.0 = Release|x86
	EndGlobalSection
	GlobalSection(SolutionProperties) = preSolution
		HideSolutionNode = FALSE
	EndGlobalSection
	GlobalSection(ExtensibilityGlobals) = postSolution
		SolutionGuid = {A396EB79-7A1A-4667-A600-FD125F71D0A8}
	EndGlobalSection
EndGlobal
